// !$*UTF8*$!
{
	archiveVersion = 1;
	classes = {
	};
	objectVersion = 46;
	objects = {

/* Begin PBXBuildFile section */
		339FE75E199035D60021DABF /* WeaponModel.swift in Sources */ = {isa = PBXBuildFile; fileRef = 339FE75D199035D60021DABF /* WeaponModel.swift */; };
		339FE760199036330021DABF /* ArmorModel.swift in Sources */ = {isa = PBXBuildFile; fileRef = 339FE75F199036330021DABF /* ArmorModel.swift */; };
		339FE763199039120021DABF /* CharacterModel.swift in Sources */ = {isa = PBXBuildFile; fileRef = 339FE762199039120021DABF /* CharacterModel.swift */; };
		339FE76519906A370021DABF /* BossModel.swift in Sources */ = {isa = PBXBuildFile; fileRef = 339FE76419906A370021DABF /* BossModel.swift */; };
		96A51DCC198AD7930078DD64 /* AppDelegate.swift in Sources */ = {isa = PBXBuildFile; fileRef = 96A51DCB198AD7930078DD64 /* AppDelegate.swift */; };
		96A51DCE198AD7930078DD64 /* ViewController.swift in Sources */ = {isa = PBXBuildFile; fileRef = 96A51DCD198AD7930078DD64 /* ViewController.swift */; };
		96A51DD1198AD7930078DD64 /* Main.storyboard in Resources */ = {isa = PBXBuildFile; fileRef = 96A51DCF198AD7930078DD64 /* Main.storyboard */; };
		96A51DD3198AD7930078DD64 /* Images.xcassets in Resources */ = {isa = PBXBuildFile; fileRef = 96A51DD2198AD7930078DD64 /* Images.xcassets */; };
		96A51DDF198AD7930078DD64 /* Swift_Pirate_AdventureTests.swift in Sources */ = {isa = PBXBuildFile; fileRef = 96A51DDE198AD7930078DD64 /* Swift_Pirate_AdventureTests.swift */; };
		96A51DEA198AE26B0078DD64 /* TileModel.swift in Sources */ = {isa = PBXBuildFile; fileRef = 96A51DE9198AE26B0078DD64 /* TileModel.swift */; };
		96A51DEC198AE3EE0078DD64 /* Factory.swift in Sources */ = {isa = PBXBuildFile; fileRef = 96A51DEB198AE3EE0078DD64 /* Factory.swift */; };
		96F3BDEC198BF25300DFA443 /* PirateAttack.jpg in Resources */ = {isa = PBXBuildFile; fileRef = 96F3BDE0198BF25300DFA443 /* PirateAttack.jpg */; };
		96F3BDED198BF25300DFA443 /* PirateBlacksmith.jpg in Resources */ = {isa = PBXBuildFile; fileRef = 96F3BDE1198BF25300DFA443 /* PirateBlacksmith.jpg */; };
		96F3BDEE198BF25300DFA443 /* PirateBoss.jpg in Resources */ = {isa = PBXBuildFile; fileRef = 96F3BDE2198BF25300DFA443 /* PirateBoss.jpg */; };
		96F3BDEF198BF25300DFA443 /* PirateFriendlyDock.jpg in Resources */ = {isa = PBXBuildFile; fileRef = 96F3BDE3198BF25300DFA443 /* PirateFriendlyDock.jpg */; };
		96F3BDF0198BF25300DFA443 /* PirateOctopusAttack.jpg in Resources */ = {isa = PBXBuildFile; fileRef = 96F3BDE4198BF25300DFA443 /* PirateOctopusAttack.jpg */; };
		96F3BDF1198BF25300DFA443 /* PirateParrot.jpg in Resources */ = {isa = PBXBuildFile; fileRef = 96F3BDE5198BF25300DFA443 /* PirateParrot.jpg */; };
		96F3BDF2198BF25300DFA443 /* PiratePlank.jpg in Resources */ = {isa = PBXBuildFile; fileRef = 96F3BDE6198BF25300DFA443 /* PiratePlank.jpg */; };
		96F3BDF3198BF25300DFA443 /* PirateShipBattle.jpg in Resources */ = {isa = PBXBuildFile; fileRef = 96F3BDE7198BF25300DFA443 /* PirateShipBattle.jpg */; };
		96F3BDF4198BF25300DFA443 /* PirateStart.jpg in Resources */ = {isa = PBXBuildFile; fileRef = 96F3BDE8198BF25300DFA443 /* PirateStart.jpg */; };
		96F3BDF5198BF25300DFA443 /* PirateTreasure.jpg in Resources */ = {isa = PBXBuildFile; fileRef = 96F3BDE9198BF25300DFA443 /* PirateTreasure.jpg */; };
		96F3BDF6198BF25300DFA443 /* PirateTreasurer2.jpg in Resources */ = {isa = PBXBuildFile; fileRef = 96F3BDEA198BF25300DFA443 /* PirateTreasurer2.jpg */; };
		96F3BDF7198BF25300DFA443 /* PirateWeapons.jpg in Resources */ = {isa = PBXBuildFile; fileRef = 96F3BDEB198BF25300DFA443 /* PirateWeapons.jpg */; };
/* End PBXBuildFile section */

/* Begin PBXContainerItemProxy section */
		96A51DD9198AD7930078DD64 /* PBXContainerItemProxy */ = {
			isa = PBXContainerItemProxy;
			containerPortal = 96A51DBE198AD7930078DD64 /* Project object */;
			proxyType = 1;
			remoteGlobalIDString = 96A51DC5198AD7930078DD64;
			remoteInfo = "Swift Pirate Adventure";
		};
/* End PBXContainerItemProxy section */

/* Begin PBXFileReference section */
		339FE75D199035D60021DABF /* WeaponModel.swift */ = {isa = PBXFileReference; fileEncoding = 4; lastKnownFileType = sourcecode.swift; path = WeaponModel.swift; sourceTree = "<group>"; };
		339FE75F199036330021DABF /* ArmorModel.swift */ = {isa = PBXFileReference; fileEncoding = 4; lastKnownFileType = sourcecode.swift; path = ArmorModel.swift; sourceTree = "<group>"; };
		339FE762199039120021DABF /* CharacterModel.swift */ = {isa = PBXFileReference; fileEncoding = 4; lastKnownFileType = sourcecode.swift; path = CharacterModel.swift; sourceTree = "<group>"; };
		339FE76419906A370021DABF /* BossModel.swift */ = {isa = PBXFileReference; fileEncoding = 4; lastKnownFileType = sourcecode.swift; path = BossModel.swift; sourceTree = "<group>"; };
		339FE766199162790021DABF /* README.md */ = {isa = PBXFileReference; lastKnownFileType = net.daringfireball.markdown; path = README.md; sourceTree = "<group>"; };
		96A51DC6198AD7930078DD64 /* Swift Pirate Adventure.app */ = {isa = PBXFileReference; explicitFileType = wrapper.application; includeInIndex = 0; path = "Swift Pirate Adventure.app"; sourceTree = BUILT_PRODUCTS_DIR; };
		96A51DCA198AD7930078DD64 /* Info.plist */ = {isa = PBXFileReference; lastKnownFileType = text.plist.xml; path = Info.plist; sourceTree = "<group>"; };
		96A51DCB198AD7930078DD64 /* AppDelegate.swift */ = {isa = PBXFileReference; lastKnownFileType = sourcecode.swift; path = AppDelegate.swift; sourceTree = "<group>"; };
		96A51DCD198AD7930078DD64 /* ViewController.swift */ = {isa = PBXFileReference; lastKnownFileType = sourcecode.swift; path = ViewController.swift; sourceTree = "<group>"; };
		96A51DD0198AD7930078DD64 /* Base */ = {isa = PBXFileReference; lastKnownFileType = file.storyboard; name = Base; path = Base.lproj/Main.storyboard; sourceTree = "<group>"; };
		96A51DD2198AD7930078DD64 /* Images.xcassets */ = {isa = PBXFileReference; lastKnownFileType = folder.assetcatalog; path = Images.xcassets; sourceTree = "<group>"; };
		96A51DD8198AD7930078DD64 /* Swift Pirate AdventureTests.xctest */ = {isa = PBXFileReference; explicitFileType = wrapper.cfbundle; includeInIndex = 0; path = "Swift Pirate AdventureTests.xctest"; sourceTree = BUILT_PRODUCTS_DIR; };
		96A51DDD198AD7930078DD64 /* Info.plist */ = {isa = PBXFileReference; lastKnownFileType = text.plist.xml; path = Info.plist; sourceTree = "<group>"; };
		96A51DDE198AD7930078DD64 /* Swift_Pirate_AdventureTests.swift */ = {isa = PBXFileReference; lastKnownFileType = sourcecode.swift; path = Swift_Pirate_AdventureTests.swift; sourceTree = "<group>"; };
		96A51DE9198AE26B0078DD64 /* TileModel.swift */ = {isa = PBXFileReference; fileEncoding = 4; lastKnownFileType = sourcecode.swift; path = TileModel.swift; sourceTree = "<group>"; };
		96A51DEB198AE3EE0078DD64 /* Factory.swift */ = {isa = PBXFileReference; fileEncoding = 4; lastKnownFileType = sourcecode.swift; lineEnding = 0; path = Factory.swift; sourceTree = "<group>"; xcLanguageSpecificationIdentifier = xcode.lang.swift; };
		96F3BDE0198BF25300DFA443 /* PirateAttack.jpg */ = {isa = PBXFileReference; lastKnownFileType = image.jpeg; path = PirateAttack.jpg; sourceTree = "<group>"; };
		96F3BDE1198BF25300DFA443 /* PirateBlacksmith.jpg */ = {isa = PBXFileReference; lastKnownFileType = image.jpeg; path = PirateBlacksmith.jpg; sourceTree = "<group>"; };
		96F3BDE2198BF25300DFA443 /* PirateBoss.jpg */ = {isa = PBXFileReference; lastKnownFileType = image.jpeg; path = PirateBoss.jpg; sourceTree = "<group>"; };
		96F3BDE3198BF25300DFA443 /* PirateFriendlyDock.jpg */ = {isa = PBXFileReference; lastKnownFileType = image.jpeg; path = PirateFriendlyDock.jpg; sourceTree = "<group>"; };
		96F3BDE4198BF25300DFA443 /* PirateOctopusAttack.jpg */ = {isa = PBXFileReference; lastKnownFileType = image.jpeg; path = PirateOctopusAttack.jpg; sourceTree = "<group>"; };
		96F3BDE5198BF25300DFA443 /* PirateParrot.jpg */ = {isa = PBXFileReference; lastKnownFileType = image.jpeg; path = PirateParrot.jpg; sourceTree = "<group>"; };
		96F3BDE6198BF25300DFA443 /* PiratePlank.jpg */ = {isa = PBXFileReference; lastKnownFileType = image.jpeg; path = PiratePlank.jpg; sourceTree = "<group>"; };
		96F3BDE7198BF25300DFA443 /* PirateShipBattle.jpg */ = {isa = PBXFileReference; lastKnownFileType = image.jpeg; path = PirateShipBattle.jpg; sourceTree = "<group>"; };
		96F3BDE8198BF25300DFA443 /* PirateStart.jpg */ = {isa = PBXFileReference; lastKnownFileType = image.jpeg; path = PirateStart.jpg; sourceTree = "<group>"; };
		96F3BDE9198BF25300DFA443 /* PirateTreasure.jpg */ = {isa = PBXFileReference; lastKnownFileType = image.jpeg; path = PirateTreasure.jpg; sourceTree = "<group>"; };
		96F3BDEA198BF25300DFA443 /* PirateTreasurer2.jpg */ = {isa = PBXFileReference; lastKnownFileType = image.jpeg; path = PirateTreasurer2.jpg; sourceTree = "<group>"; };
		96F3BDEB198BF25300DFA443 /* PirateWeapons.jpg */ = {isa = PBXFileReference; lastKnownFileType = image.jpeg; path = PirateWeapons.jpg; sourceTree = "<group>"; };
/* End PBXFileReference section */

/* Begin PBXFrameworksBuildPhase section */
		96A51DC3198AD7930078DD64 /* Frameworks */ = {
			isa = PBXFrameworksBuildPhase;
			buildActionMask = 2147483647;
			files = (
			);
			runOnlyForDeploymentPostprocessing = 0;
		};
		96A51DD5198AD7930078DD64 /* Frameworks */ = {
			isa = PBXFrameworksBuildPhase;
			buildActionMask = 2147483647;
			files = (
			);
			runOnlyForDeploymentPostprocessing = 0;
		};
/* End PBXFrameworksBuildPhase section */

/* Begin PBXGroup section */
		339FE761199037400021DABF /* Factory */ = {
			isa = PBXGroup;
			children = (
				96A51DEB198AE3EE0078DD64 /* Factory.swift */,
			);
			name = Factory;
			sourceTree = "<group>";
		};
		96A51DBD198AD7930078DD64 = {
			isa = PBXGroup;
			children = (
				339FE766199162790021DABF /* README.md */,
				96A51DC8198AD7930078DD64 /* Swift Pirate Adventure */,
				96A51DDB198AD7930078DD64 /* Swift Pirate AdventureTests */,
				96A51DC7198AD7930078DD64 /* Products */,
			);
			sourceTree = "<group>";
		};
		96A51DC7198AD7930078DD64 /* Products */ = {
			isa = PBXGroup;
			children = (
				96A51DC6198AD7930078DD64 /* Swift Pirate Adventure.app */,
				96A51DD8198AD7930078DD64 /* Swift Pirate AdventureTests.xctest */,
			);
			name = Products;
			sourceTree = "<group>";
		};
		96A51DC8198AD7930078DD64 /* Swift Pirate Adventure */ = {
			isa = PBXGroup;
			children = (
				339FE761199037400021DABF /* Factory */,
				96F3BDDF198BF22500DFA443 /* Images */,
				96A51DE8198AE2070078DD64 /* Model */,
				96A51DCB198AD7930078DD64 /* AppDelegate.swift */,
				96A51DCD198AD7930078DD64 /* ViewController.swift */,
				96A51DCF198AD7930078DD64 /* Main.storyboard */,
				96A51DD2198AD7930078DD64 /* Images.xcassets */,
				96A51DC9198AD7930078DD64 /* Supporting Files */,
			);
			path = "Swift Pirate Adventure";
			sourceTree = "<group>";
		};
		96A51DC9198AD7930078DD64 /* Supporting Files */ = {
			isa = PBXGroup;
			children = (
				96A51DCA198AD7930078DD64 /* Info.plist */,
			);
			name = "Supporting Files";
			sourceTree = "<group>";
		};
		96A51DDB198AD7930078DD64 /* Swift Pirate AdventureTests */ = {
			isa = PBXGroup;
			children = (
				96A51DDE198AD7930078DD64 /* Swift_Pirate_AdventureTests.swift */,
				96A51DDC198AD7930078DD64 /* Supporting Files */,
			);
			path = "Swift Pirate AdventureTests";
			sourceTree = "<group>";
		};
		96A51DDC198AD7930078DD64 /* Supporting Files */ = {
			isa = PBXGroup;
			children = (
				96A51DDD198AD7930078DD64 /* Info.plist */,
			);
			name = "Supporting Files";
			sourceTree = "<group>";
		};
		96A51DE8198AE2070078DD64 /* Model */ = {
			isa = PBXGroup;
			children = (
				96A51DE9198AE26B0078DD64 /* TileModel.swift */,
				339FE75D199035D60021DABF /* WeaponModel.swift */,
				339FE75F199036330021DABF /* ArmorModel.swift */,
				339FE762199039120021DABF /* CharacterModel.swift */,
				339FE76419906A370021DABF /* BossModel.swift */,
			);
			name = Model;
			sourceTree = "<group>";
		};
		96F3BDDF198BF22500DFA443 /* Images */ = {
			isa = PBXGroup;
			children = (
				96F3BDE0198BF25300DFA443 /* PirateAttack.jpg */,
				96F3BDE1198BF25300DFA443 /* PirateBlacksmith.jpg */,
				96F3BDE2198BF25300DFA443 /* PirateBoss.jpg */,
				96F3BDE3198BF25300DFA443 /* PirateFriendlyDock.jpg */,
				96F3BDE4198BF25300DFA443 /* PirateOctopusAttack.jpg */,
				96F3BDE5198BF25300DFA443 /* PirateParrot.jpg */,
				96F3BDE6198BF25300DFA443 /* PiratePlank.jpg */,
				96F3BDE7198BF25300DFA443 /* PirateShipBattle.jpg */,
				96F3BDE8198BF25300DFA443 /* PirateStart.jpg */,
				96F3BDE9198BF25300DFA443 /* PirateTreasure.jpg */,
				96F3BDEA198BF25300DFA443 /* PirateTreasurer2.jpg */,
				96F3BDEB198BF25300DFA443 /* PirateWeapons.jpg */,
			);
			path = Images;
			sourceTree = "<group>";
		};
/* End PBXGroup section */

/* Begin PBXNativeTarget section */
		96A51DC5198AD7930078DD64 /* Swift Pirate Adventure */ = {
			isa = PBXNativeTarget;
			buildConfigurationList = 96A51DE2198AD7930078DD64 /* Build configuration list for PBXNativeTarget "Swift Pirate Adventure" */;
			buildPhases = (
				96A51DC2198AD7930078DD64 /* Sources */,
				96A51DC3198AD7930078DD64 /* Frameworks */,
				96A51DC4198AD7930078DD64 /* Resources */,
			);
			buildRules = (
			);
			dependencies = (
			);
			name = "Swift Pirate Adventure";
			productName = "Swift Pirate Adventure";
			productReference = 96A51DC6198AD7930078DD64 /* Swift Pirate Adventure.app */;
			productType = "com.apple.product-type.application";
		};
		96A51DD7198AD7930078DD64 /* Swift Pirate AdventureTests */ = {
			isa = PBXNativeTarget;
			buildConfigurationList = 96A51DE5198AD7930078DD64 /* Build configuration list for PBXNativeTarget "Swift Pirate AdventureTests" */;
			buildPhases = (
				96A51DD4198AD7930078DD64 /* Sources */,
				96A51DD5198AD7930078DD64 /* Frameworks */,
				96A51DD6198AD7930078DD64 /* Resources */,
			);
			buildRules = (
			);
			dependencies = (
				96A51DDA198AD7930078DD64 /* PBXTargetDependency */,
			);
			name = "Swift Pirate AdventureTests";
			productName = "Swift Pirate AdventureTests";
			productReference = 96A51DD8198AD7930078DD64 /* Swift Pirate AdventureTests.xctest */;
			productType = "com.apple.product-type.bundle.unit-test";
		};
/* End PBXNativeTarget section */

/* Begin PBXProject section */
		96A51DBE198AD7930078DD64 /* Project object */ = {
			isa = PBXProject;
			attributes = {
				LastUpgradeCheck = 0600;
				ORGANIZATIONNAME = "Reinaldo Haynes";
				TargetAttributes = {
					96A51DC5198AD7930078DD64 = {
						CreatedOnToolsVersion = 6.0;
					};
					96A51DD7198AD7930078DD64 = {
						CreatedOnToolsVersion = 6.0;
						TestTargetID = 96A51DC5198AD7930078DD64;
					};
				};
			};
			buildConfigurationList = 96A51DC1198AD7930078DD64 /* Build configuration list for PBXProject "Swift Pirate Adventure" */;
			compatibilityVersion = "Xcode 3.2";
			developmentRegion = English;
			hasScannedForEncodings = 0;
			knownRegions = (
				en,
				Base,
			);
			mainGroup = 96A51DBD198AD7930078DD64;
			productRefGroup = 96A51DC7198AD7930078DD64 /* Products */;
			projectDirPath = "";
			projectRoot = "";
			targets = (
				96A51DC5198AD7930078DD64 /* Swift Pirate Adventure */,
				96A51DD7198AD7930078DD64 /* Swift Pirate AdventureTests */,
			);
		};
/* End PBXProject section */

/* Begin PBXResourcesBuildPhase section */
		96A51DC4198AD7930078DD64 /* Resources */ = {
			isa = PBXResourcesBuildPhase;
			buildActionMask = 2147483647;
			files = (
				96F3BDED198BF25300DFA443 /* PirateBlacksmith.jpg in Resources */,
				96F3BDF6198BF25300DFA443 /* PirateTreasurer2.jpg in Resources */,
				96F3BDEE198BF25300DFA443 /* PirateBoss.jpg in Resources */,
				96F3BDF3198BF25300DFA443 /* PirateShipBattle.jpg in Resources */,
				96F3BDF2198BF25300DFA443 /* PiratePlank.jpg in Resources */,
				96F3BDEF198BF25300DFA443 /* PirateFriendlyDock.jpg in Resources */,
				96F3BDF7198BF25300DFA443 /* PirateWeapons.jpg in Resources */,
				96F3BDEC198BF25300DFA443 /* PirateAttack.jpg in Resources */,
				96F3BDF4198BF25300DFA443 /* PirateStart.jpg in Resources */,
				96F3BDF1198BF25300DFA443 /* PirateParrot.jpg in Resources */,
				96A51DD1198AD7930078DD64 /* Main.storyboard in Resources */,
				96A51DD3198AD7930078DD64 /* Images.xcassets in Resources */,
				96F3BDF0198BF25300DFA443 /* PirateOctopusAttack.jpg in Resources */,
				96F3BDF5198BF25300DFA443 /* PirateTreasure.jpg in Resources */,
			);
			runOnlyForDeploymentPostprocessing = 0;
		};
		96A51DD6198AD7930078DD64 /* Resources */ = {
			isa = PBXResourcesBuildPhase;
			buildActionMask = 2147483647;
			files = (
			);
			runOnlyForDeploymentPostprocessing = 0;
		};
/* End PBXResourcesBuildPhase section */

/* Begin PBXSourcesBuildPhase section */
		96A51DC2198AD7930078DD64 /* Sources */ = {
			isa = PBXSourcesBuildPhase;
			buildActionMask = 2147483647;
			files = (
				339FE75E199035D60021DABF /* WeaponModel.swift in Sources */,
				96A51DEC198AE3EE0078DD64 /* Factory.swift in Sources */,
				339FE763199039120021DABF /* CharacterModel.swift in Sources */,
				96A51DEA198AE26B0078DD64 /* TileModel.swift in Sources */,
				339FE76519906A370021DABF /* BossModel.swift in Sources */,
				339FE760199036330021DABF /* ArmorModel.swift in Sources */,
				96A51DCE198AD7930078DD64 /* ViewController.swift in Sources */,
				96A51DCC198AD7930078DD64 /* AppDelegate.swift in Sources */,
			);
			runOnlyForDeploymentPostprocessing = 0;
		};
		96A51DD4198AD7930078DD64 /* Sources */ = {
			isa = PBXSourcesBuildPhase;
			buildActionMask = 2147483647;
			files = (
				96A51DDF198AD7930078DD64 /* Swift_Pirate_AdventureTests.swift in Sources */,
			);
			runOnlyForDeploymentPostprocessing = 0;
		};
/* End PBXSourcesBuildPhase section */

/* Begin PBXTargetDependency section */
		96A51DDA198AD7930078DD64 /* PBXTargetDependency */ = {
			isa = PBXTargetDependency;
			target = 96A51DC5198AD7930078DD64 /* Swift Pirate Adventure */;
			targetProxy = 96A51DD9198AD7930078DD64 /* PBXContainerItemProxy */;
		};
/* End PBXTargetDependency section */

/* Begin PBXVariantGroup section */
		96A51DCF198AD7930078DD64 /* Main.storyboard */ = {
			isa = PBXVariantGroup;
			children = (
				96A51DD0198AD7930078DD64 /* Base */,
			);
			name = Main.storyboard;
			sourceTree = "<group>";
		};
/* End PBXVariantGroup section */

/* Begin XCBuildConfiguration section */
		96A51DE0198AD7930078DD64 /* Debug */ = {
			isa = XCBuildConfiguration;
			buildSettings = {
				ALWAYS_SEARCH_USER_PATHS = NO;
				CLANG_CXX_LANGUAGE_STANDARD = "gnu++0x";
				CLANG_CXX_LIBRARY = "libc++";
				CLANG_ENABLE_MODULES = YES;
				CLANG_ENABLE_OBJC_ARC = YES;
				CLANG_WARN_BOOL_CONVERSION = YES;
				CLANG_WARN_CONSTANT_CONVERSION = YES;
				CLANG_WARN_DIRECT_OBJC_ISA_USAGE = YES_ERROR;
				CLANG_WARN_EMPTY_BODY = YES;
				CLANG_WARN_ENUM_CONVERSION = YES;
				CLANG_WARN_INT_CONVERSION = YES;
				CLANG_WARN_OBJC_ROOT_CLASS = YES_ERROR;
				CLANG_WARN_UNREACHABLE_CODE = YES;
				CLANG_WARN__DUPLICATE_METHOD_MATCH = YES;
				"CODE_SIGN_IDENTITY[sdk=iphoneos*]" = "iPhone Developer";
				COPY_PHASE_STRIP = NO;
				ENABLE_STRICT_OBJC_MSGSEND = YES;
				GCC_C_LANGUAGE_STANDARD = gnu99;
				GCC_DYNAMIC_NO_PIC = NO;
				GCC_OPTIMIZATION_LEVEL = 0;
				GCC_PREPROCESSOR_DEFINITIONS = (
					"DEBUG=1",
					"$(inherited)",
				);
				GCC_SYMBOLS_PRIVATE_EXTERN = NO;
				GCC_WARN_64_TO_32_BIT_CONVERSION = YES;
				GCC_WARN_ABOUT_RETURN_TYPE = YES_ERROR;
				GCC_WARN_UNDECLARED_SELECTOR = YES;
				GCC_WARN_UNINITIALIZED_AUTOS = YES_AGGRESSIVE;
				GCC_WARN_UNUSED_FUNCTION = YES;
				GCC_WARN_UNUSED_VARIABLE = YES;
				IPHONEOS_DEPLOYMENT_TARGET = 8.0;
				MTL_ENABLE_DEBUG_INFO = YES;
				ONLY_ACTIVE_ARCH = YES;
				SDKROOT = iphoneos;
				SWIFT_OPTIMIZATION_LEVEL = "-Onone";
				TARGETED_DEVICE_FAMILY = "1,2";
			};
			name = Debug;
		};
		96A51DE1198AD7930078DD64 /* Release */ = {
			isa = XCBuildConfiguration;
			buildSettings = {
				ALWAYS_SEARCH_USER_PATHS = NO;
				CLANG_CXX_LANGUAGE_STANDARD = "gnu++0x";
				CLANG_CXX_LIBRARY = "libc++";
				CLANG_ENABLE_MODULES = YES;
				CLANG_ENABLE_OBJC_ARC = YES;
				CLANG_WARN_BOOL_CONVERSION = YES;
				CLANG_WARN_CONSTANT_CONVERSION = YES;
				CLANG_WARN_DIRECT_OBJC_ISA_USAGE = YES_ERROR;
				CLANG_WARN_EMPTY_BODY = YES;
				CLANG_WARN_ENUM_CONVERSION = YES;
				CLANG_WARN_INT_CONVERSION = YES;
				CLANG_WARN_OBJC_ROOT_CLASS = YES_ERROR;
				CLANG_WARN_UNREACHABLE_CODE = YES;
				CLANG_WARN__DUPLICATE_METHOD_MATCH = YES;
				"CODE_SIGN_IDENTITY[sdk=iphoneos*]" = "iPhone Developer";
				COPY_PHASE_STRIP = YES;
				ENABLE_NS_ASSERTIONS = NO;
				ENABLE_STRICT_OBJC_MSGSEND = YES;
				GCC_C_LANGUAGE_STANDARD = gnu99;
				GCC_WARN_64_TO_32_BIT_CONVERSION = YES;
				GCC_WARN_ABOUT_RETURN_TYPE = YES_ERROR;
				GCC_WARN_UNDECLARED_SELECTOR = YES;
				GCC_WARN_UNINITIALIZED_AUTOS = YES_AGGRESSIVE;
				GCC_WARN_UNUSED_FUNCTION = YES;
				GCC_WARN_UNUSED_VARIABLE = YES;
				IPHONEOS_DEPLOYMENT_TARGET = 8.0;
				MTL_ENABLE_DEBUG_INFO = NO;
				SDKROOT = iphoneos;
				TARGETED_DEVICE_FAMILY = "1,2";
				VALIDATE_PRODUCT = YES;
			};
			name = Release;
		};
		96A51DE3198AD7930078DD64 /* Debug */ = {
			isa = XCBuildConfiguration;
			buildSettings = {
				ASSETCATALOG_COMPILER_APPICON_NAME = AppIcon;
				ASSETCATALOG_COMPILER_LAUNCHIMAGE_NAME = LaunchImage;
				INFOPLIST_FILE = "Swift Pirate Adventure/Info.plist";
				LD_RUNPATH_SEARCH_PATHS = "$(inherited) @executable_path/Frameworks";
				PRODUCT_NAME = "$(TARGET_NAME)";
			};
			name = Debug;
		};
		96A51DE4198AD7930078DD64 /* Release */ = {
			isa = XCBuildConfiguration;
			buildSettings = {
				ASSETCATALOG_COMPILER_APPICON_NAME = AppIcon;
				ASSETCATALOG_COMPILER_LAUNCHIMAGE_NAME = LaunchImage;
				INFOPLIST_FILE = "Swift Pirate Adventure/Info.plist";
				LD_RUNPATH_SEARCH_PATHS = "$(inherited) @executable_path/Frameworks";
				PRODUCT_NAME = "$(TARGET_NAME)";
			};
			name = Release;
		};
		96A51DE6198AD7930078DD64 /* Debug */ = {
			isa = XCBuildConfiguration;
			buildSettings = {
				BUNDLE_LOADER = "$(BUILT_PRODUCTS_DIR)/Swift Pirate Adventure.app/Swift Pirate Adventure";
				FRAMEWORK_SEARCH_PATHS = (
					"$(SDKROOT)/Developer/Library/Frameworks",
					"$(inherited)",
				);
				GCC_PREPROCESSOR_DEFINITIONS = (
					"DEBUG=1",
					"$(inherited)",
				);
				INFOPLIST_FILE = "Swift Pirate AdventureTests/Info.plist";
				LD_RUNPATH_SEARCH_PATHS = "$(inherited) @executable_path/Frameworks @loader_path/Frameworks";
				PRODUCT_NAME = "$(TARGET_NAME)";
				TEST_HOST = "$(BUNDLE_LOADER)";
			};
			name = Debug;
		};
		96A51DE7198AD7930078DD64 /* Release */ = {
			isa = XCBuildConfiguration;
			buildSettings = {
				BUNDLE_LOADER = "$(BUILT_PRODUCTS_DIR)/Swift Pirate Adventure.app/Swift Pirate Adventure";
				FRAMEWORK_SEARCH_PATHS = (
					"$(SDKROOT)/Developer/Library/Frameworks",
					"$(inherited)",
				);
				INFOPLIST_FILE = "Swift Pirate AdventureTests/Info.plist";
				LD_RUNPATH_SEARCH_PATHS = "$(inherited) @executable_path/Frameworks @loader_path/Frameworks";
				PRODUCT_NAME = "$(TARGET_NAME)";
				TEST_HOST = "$(BUNDLE_LOADER)";
			};
			name = Release;
		};
/* End XCBuildConfiguration section */

/* Begin XCConfigurationList section */
		96A51DC1198AD7930078DD64 /* Build configuration list for PBXProject "Swift Pirate Adventure" */ = {
			isa = XCConfigurationList;
			buildConfigurations = (
				96A51DE0198AD7930078DD64 /* Debug */,
				96A51DE1198AD7930078DD64 /* Release */,
			);
			defaultConfigurationIsVisible = 0;
			defaultConfigurationName = Release;
		};
		96A51DE2198AD7930078DD64 /* Build configuration list for PBXNativeTarget "Swift Pirate Adventure" */ = {
			isa = XCConfigurationList;
			buildConfigurations = (
				96A51DE3198AD7930078DD64 /* Debug */,
				96A51DE4198AD7930078DD64 /* Release */,
			);
			defaultConfigurationIsVisible = 0;
			defaultConfigurationName = Release;
		};
		96A51DE5198AD7930078DD64 /* Build configuration list for PBXNativeTarget "Swift Pirate AdventureTests" */ = {
			isa = XCConfigurationList;
			buildConfigurations = (
				96A51DE6198AD7930078DD64 /* Debug */,
				96A51DE7198AD7930078DD64 /* Release */,
			);
			defaultConfigurationIsVisible = 0;
			defaultConfigurationName = Release;
		};
/* End XCConfigurationList section */
	};
	rootObject = 96A51DBE198AD7930078DD64 /* Project object */;
}
